
Microsoft Visual Studio Solution File, Format Version 12.00
# Visual Studio 15
VisualStudioVersion = 15.0.26403.7
MinimumVisualStudioVersion = 10.0.40219.1
Project("{FAE04EC0-301F-11D3-BF4B-00C04F79EFBC}") = "PostRequester", "PostRequester\PostRequester.csproj", "{DDB287BB-DF68-4DB1-9CAD-4F02FE16ED17}"
EndProject
Project("{FAE04EC0-301F-11D3-BF4B-00C04F79EFBC}") = "PostProcessor", "PostProcessor\PostProcessor.csproj", "{8538A41B-61B9-4564-862E-D772D3197276}"
EndProject
Global
	GlobalSection(SolutionConfigurationPlatforms) = preSolution
		Debug|Any CPU = Debug|Any CPU
		Release|Any CPU = Release|Any CPU
	EndGlobalSection
	GlobalSection(ProjectConfigurationPlatforms) = postSolution
		{DDB287BB-DF68-4DB1-9CAD-4F02FE16ED17}.Debug|Any CPU.ActiveCfg = Debug|Any CPU
		{DDB287BB-DF68-4DB1-9CAD-4F02FE16ED17}.Debug|Any CPU.Build.0 = Debug|Any CPU
		{DDB287BB-DF68-4DB1-9CAD-4F02FE16ED17}.Release|Any CPU.ActiveCfg = Release|Any CPU
		{DDB287BB-DF68-4DB1-9CAD-4F02FE16ED17}.Release|Any CPU.Build.0 = Release|Any CPU
		{8538A41B-61B9-4564-862E-D772D3197276}.Debug|Any CPU.ActiveCfg = Debug|Any CPU
		{8538A41B-61B9-4564-862E-D772D3197276}.Debug|Any CPU.Build.0 = Debug|Any CPU
		{8538A41B-61B9-4564-862E-D772D3197276}.Release|Any CPU.ActiveCfg = Release|Any CPU
		{8538A41B-61B9-4564-862E-D772D3197276}.Release|Any CPU.Build.0 = Release|Any CPU
	EndGlobalSection
	GlobalSection(SolutionProperties) = preSolution
		HideSolutionNode = FALSE
	EndGlobalSection
EndGlobal
